// !$*UTF8*$!
{
	archiveVersion = 1;
	classes = {
	};
	objectVersion = 46;
	objects = {

/* Begin PBXBuildFile section */
		2A7E44A818ACC7B100F7328E /* libGoogleAdMobAds.a in Frameworks */ = {isa = PBXBuildFile; fileRef = 2A7E44A618ACC7B100F7328E /* libGoogleAdMobAds.a */; };
		2A7E44A918ACC7B100F7328E /* README.txt in Resources */ = {isa = PBXBuildFile; fileRef = 2A7E44A718ACC7B100F7328E /* README.txt */; };
		2A7E44AB18ACC7D900F7328E /* CoreTelephony.framework in Frameworks */ = {isa = PBXBuildFile; fileRef = 2A7E44AA18ACC7D900F7328E /* CoreTelephony.framework */; };
		2A7E44AD18ACC7E100F7328E /* AVFoundation.framework in Frameworks */ = {isa = PBXBuildFile; fileRef = 2A7E44AC18ACC7E100F7328E /* AVFoundation.framework */; };
		2A7E44AF18ACC7EA00F7328E /* AdSupport.framework in Frameworks */ = {isa = PBXBuildFile; fileRef = 2A7E44AE18ACC7EA00F7328E /* AdSupport.framework */; };
		2A7E44B118ACC7F300F7328E /* CoreData.framework in Frameworks */ = {isa = PBXBuildFile; fileRef = 2A7E44B018ACC7F300F7328E /* CoreData.framework */; };
		2A7E44B318ACC7FC00F7328E /* StoreKit.framework in Frameworks */ = {isa = PBXBuildFile; fileRef = 2A7E44B218ACC7FC00F7328E /* StoreKit.framework */; };
		2A7E44B518ACC80A00F7328E /* SystemConfiguration.framework in Frameworks */ = {isa = PBXBuildFile; fileRef = 2A7E44B418ACC80A00F7328E /* SystemConfiguration.framework */; };
		2A7E44B718ACC81700F7328E /* MessageUI.framework in Frameworks */ = {isa = PBXBuildFile; fileRef = 2A7E44B618ACC81700F7328E /* MessageUI.framework */; };
		2A7E44B918ACC82400F7328E /* AudioToolbox.framework in Frameworks */ = {isa = PBXBuildFile; fileRef = 2A7E44B818ACC82400F7328E /* AudioToolbox.framework */; };
		E147670818A8BA340029C78C /* Foundation.framework in Frameworks */ = {isa = PBXBuildFile; fileRef = E147670718A8BA340029C78C /* Foundation.framework */; };
		E147670A18A8BA340029C78C /* CoreGraphics.framework in Frameworks */ = {isa = PBXBuildFile; fileRef = E147670918A8BA340029C78C /* CoreGraphics.framework */; };
		E147670C18A8BA340029C78C /* UIKit.framework in Frameworks */ = {isa = PBXBuildFile; fileRef = E147670B18A8BA340029C78C /* UIKit.framework */; };
		E147671218A8BA340029C78C /* InfoPlist.strings in Resources */ = {isa = PBXBuildFile; fileRef = E147671018A8BA340029C78C /* InfoPlist.strings */; };
		E147671418A8BA340029C78C /* main.m in Sources */ = {isa = PBXBuildFile; fileRef = E147671318A8BA340029C78C /* main.m */; };
		E147671818A8BA340029C78C /* WTAppDelegate.m in Sources */ = {isa = PBXBuildFile; fileRef = E147671718A8BA340029C78C /* WTAppDelegate.m */; };
		E147671B18A8BA340029C78C /* Main.storyboard in Resources */ = {isa = PBXBuildFile; fileRef = E147671918A8BA340029C78C /* Main.storyboard */; };
		E147671E18A8BA340029C78C /* WTViewController.m in Sources */ = {isa = PBXBuildFile; fileRef = E147671D18A8BA340029C78C /* WTViewController.m */; };
		E147672018A8BA340029C78C /* Images.xcassets in Resources */ = {isa = PBXBuildFile; fileRef = E147671F18A8BA340029C78C /* Images.xcassets */; };
		E147672718A8BA340029C78C /* XCTest.framework in Frameworks */ = {isa = PBXBuildFile; fileRef = E147672618A8BA340029C78C /* XCTest.framework */; };
		E147672818A8BA340029C78C /* Foundation.framework in Frameworks */ = {isa = PBXBuildFile; fileRef = E147670718A8BA340029C78C /* Foundation.framework */; };
		E147672918A8BA340029C78C /* UIKit.framework in Frameworks */ = {isa = PBXBuildFile; fileRef = E147670B18A8BA340029C78C /* UIKit.framework */; };
		E147673118A8BA340029C78C /* InfoPlist.strings in Resources */ = {isa = PBXBuildFile; fileRef = E147672F18A8BA340029C78C /* InfoPlist.strings */; };
		E147673318A8BA340029C78C /* Wall_ThrewTests.m in Sources */ = {isa = PBXBuildFile; fileRef = E147673218A8BA340029C78C /* Wall_ThrewTests.m */; };
		E147673E18A8BB2B0029C78C /* WTMainGameView.m in Sources */ = {isa = PBXBuildFile; fileRef = E147673D18A8BB2B0029C78C /* WTMainGameView.m */; };
		E147674218A8BE3C0029C78C /* splash.png in Resources */ = {isa = PBXBuildFile; fileRef = E147674118A8BE3C0029C78C /* splash.png */; };
		E147674518A8BEFE0029C78C /* mario.m4a in Resources */ = {isa = PBXBuildFile; fileRef = E147674418A8BEFE0029C78C /* mario.m4a */; };
		E1B0660818AF883800D0F03A /* fish_l1.png in Resources */ = {isa = PBXBuildFile; fileRef = E1B0660318AF883800D0F03A /* fish_l1.png */; };
		E1B0660918AF883800D0F03A /* fish_l2.png in Resources */ = {isa = PBXBuildFile; fileRef = E1B0660418AF883800D0F03A /* fish_l2.png */; };
		E1B0660A18AF883800D0F03A /* fish_n.png in Resources */ = {isa = PBXBuildFile; fileRef = E1B0660518AF883800D0F03A /* fish_n.png */; };
		E1B0660B18AF883800D0F03A /* fish_r1.png in Resources */ = {isa = PBXBuildFile; fileRef = E1B0660618AF883800D0F03A /* fish_r1.png */; };
		E1B0660C18AF883800D0F03A /* fish_r2.png in Resources */ = {isa = PBXBuildFile; fileRef = E1B0660718AF883800D0F03A /* fish_r2.png */; };
		E1D6A6D918AA382A0093E9A3 /* pipe_up.png in Resources */ = {isa = PBXBuildFile; fileRef = E1D6A6D718AA382A0093E9A3 /* pipe_up.png */; };
		E1D6A6DA18AA382A0093E9A3 /* pipe_down.png in Resources */ = {isa = PBXBuildFile; fileRef = E1D6A6D818AA382A0093E9A3 /* pipe_down.png */; };
		E1D6A6DC18AA3A7B0093E9A3 /* bird.png in Resources */ = {isa = PBXBuildFile; fileRef = E1D6A6DB18AA3A7B0093E9A3 /* bird.png */; };
		E1D6A6DE18AA41FF0093E9A3 /* ground.png in Resources */ = {isa = PBXBuildFile; fileRef = E1D6A6DD18AA41FF0093E9A3 /* ground.png */; };
		E1D6A6E018AA46350093E9A3 /* block.png in Resources */ = {isa = PBXBuildFile; fileRef = E1D6A6DF18AA46350093E9A3 /* block.png */; };
		E1D6A6E218AA5A070093E9A3 /* scoreboard.png in Resources */ = {isa = PBXBuildFile; fileRef = E1D6A6E118AA5A070093E9A3 /* scoreboard.png */; };
		E1EE967F18B0D38800EAA253 /* seaweed_bottom.png in Resources */ = {isa = PBXBuildFile; fileRef = E1EE967D18B0D38800EAA253 /* seaweed_bottom.png */; };
		E1EE968018B0D38800EAA253 /* seaweed_top.png in Resources */ = {isa = PBXBuildFile; fileRef = E1EE967E18B0D38800EAA253 /* seaweed_top.png */; };
		E1EE968218B0D63100EAA253 /* sand.png in Resources */ = {isa = PBXBuildFile; fileRef = E1EE968118B0D63100EAA253 /* sand.png */; };
		E1EE96A118B0E5BD00EAA253 /* fish_l1-0.png in Resources */ = {isa = PBXBuildFile; fileRef = E1EE968318B0E5BD00EAA253 /* fish_l1-0.png */; };
		E1EE96A218B0E5BD00EAA253 /* fish_l1-30.png in Resources */ = {isa = PBXBuildFile; fileRef = E1EE968418B0E5BD00EAA253 /* fish_l1-30.png */; };
		E1EE96A318B0E5BD00EAA253 /* fish_l1-60.png in Resources */ = {isa = PBXBuildFile; fileRef = E1EE968518B0E5BD00EAA253 /* fish_l1-60.png */; };
		E1EE96A418B0E5BD00EAA253 /* fish_l1+30.png in Resources */ = {isa = PBXBuildFile; fileRef = E1EE968618B0E5BD00EAA253 /* fish_l1+30.png */; };
		E1EE96A518B0E5BD00EAA253 /* fish_l1+60.png in Resources */ = {isa = PBXBuildFile; fileRef = E1EE968718B0E5BD00EAA253 /* fish_l1+60.png */; };
		E1EE96A618B0E5BD00EAA253 /* fish_l1+90.png in Resources */ = {isa = PBXBuildFile; fileRef = E1EE968818B0E5BD00EAA253 /* fish_l1+90.png */; };
		E1EE96A718B0E5BD00EAA253 /* fish_l2-0.png in Resources */ = {isa = PBXBuildFile; fileRef = E1EE968918B0E5BD00EAA253 /* fish_l2-0.png */; };
		E1EE96A818B0E5BD00EAA253 /* fish_l2-30.png in Resources */ = {isa = PBXBuildFile; fileRef = E1EE968A18B0E5BD00EAA253 /* fish_l2-30.png */; };
		E1EE96A918B0E5BD00EAA253 /* fish_l2-60.png in Resources */ = {isa = PBXBuildFile; fileRef = E1EE968B18B0E5BD00EAA253 /* fish_l2-60.png */; };
		E1EE96AA18B0E5BD00EAA253 /* fish_l2+30.png in Resources */ = {isa = PBXBuildFile; fileRef = E1EE968C18B0E5BD00EAA253 /* fish_l2+30.png */; };
		E1EE96AB18B0E5BD00EAA253 /* fish_l2+60.png in Resources */ = {isa = PBXBuildFile; fileRef = E1EE968D18B0E5BD00EAA253 /* fish_l2+60.png */; };
		E1EE96AC18B0E5BD00EAA253 /* fish_l2+90.png in Resources */ = {isa = PBXBuildFile; fileRef = E1EE968E18B0E5BD00EAA253 /* fish_l2+90.png */; };
		E1EE96AD18B0E5BD00EAA253 /* fish_n-0.png in Resources */ = {isa = PBXBuildFile; fileRef = E1EE968F18B0E5BD00EAA253 /* fish_n-0.png */; };
		E1EE96AE18B0E5BD00EAA253 /* fish_n-30.png in Resources */ = {isa = PBXBuildFile; fileRef = E1EE969018B0E5BD00EAA253 /* fish_n-30.png */; };
		E1EE96AF18B0E5BD00EAA253 /* fish_n-60.png in Resources */ = {isa = PBXBuildFile; fileRef = E1EE969118B0E5BD00EAA253 /* fish_n-60.png */; };
		E1EE96B018B0E5BD00EAA253 /* fish_n+30.png in Resources */ = {isa = PBXBuildFile; fileRef = E1EE969218B0E5BD00EAA253 /* fish_n+30.png */; };
		E1EE96B118B0E5BD00EAA253 /* fish_n+60.png in Resources */ = {isa = PBXBuildFile; fileRef = E1EE969318B0E5BD00EAA253 /* fish_n+60.png */; };
		E1EE96B218B0E5BD00EAA253 /* fish_n+90.png in Resources */ = {isa = PBXBuildFile; fileRef = E1EE969418B0E5BD00EAA253 /* fish_n+90.png */; };
		E1EE96B318B0E5BD00EAA253 /* fish_r1-0.png in Resources */ = {isa = PBXBuildFile; fileRef = E1EE969518B0E5BD00EAA253 /* fish_r1-0.png */; };
		E1EE96B418B0E5BD00EAA253 /* fish_r1-30.png in Resources */ = {isa = PBXBuildFile; fileRef = E1EE969618B0E5BD00EAA253 /* fish_r1-30.png */; };
		E1EE96B518B0E5BD00EAA253 /* fish_r1-60.png in Resources */ = {isa = PBXBuildFile; fileRef = E1EE969718B0E5BD00EAA253 /* fish_r1-60.png */; };
		E1EE96B618B0E5BD00EAA253 /* fish_r1+30.png in Resources */ = {isa = PBXBuildFile; fileRef = E1EE969818B0E5BD00EAA253 /* fish_r1+30.png */; };
		E1EE96B718B0E5BD00EAA253 /* fish_r1+60.png in Resources */ = {isa = PBXBuildFile; fileRef = E1EE969918B0E5BD00EAA253 /* fish_r1+60.png */; };
		E1EE96B818B0E5BD00EAA253 /* fish_r1+90.png in Resources */ = {isa = PBXBuildFile; fileRef = E1EE969A18B0E5BD00EAA253 /* fish_r1+90.png */; };
		E1EE96B918B0E5BD00EAA253 /* fish_r2-0.png in Resources */ = {isa = PBXBuildFile; fileRef = E1EE969B18B0E5BD00EAA253 /* fish_r2-0.png */; };
		E1EE96BA18B0E5BD00EAA253 /* fish_r2-30.png in Resources */ = {isa = PBXBuildFile; fileRef = E1EE969C18B0E5BD00EAA253 /* fish_r2-30.png */; };
		E1EE96BB18B0E5BD00EAA253 /* fish_r2-60.png in Resources */ = {isa = PBXBuildFile; fileRef = E1EE969D18B0E5BD00EAA253 /* fish_r2-60.png */; };
		E1EE96BC18B0E5BD00EAA253 /* fish_r2+30.png in Resources */ = {isa = PBXBuildFile; fileRef = E1EE969E18B0E5BD00EAA253 /* fish_r2+30.png */; };
		E1EE96BD18B0E5BD00EAA253 /* fish_r2+60.png in Resources */ = {isa = PBXBuildFile; fileRef = E1EE969F18B0E5BD00EAA253 /* fish_r2+60.png */; };
		E1EE96BE18B0E5BD00EAA253 /* fish_r2+90.png in Resources */ = {isa = PBXBuildFile; fileRef = E1EE96A018B0E5BD00EAA253 /* fish_r2+90.png */; };
/* End PBXBuildFile section */

/* Begin PBXContainerItemProxy section */
		E147672A18A8BA340029C78C /* PBXContainerItemProxy */ = {
			isa = PBXContainerItemProxy;
			containerPortal = E14766FC18A8BA330029C78C /* Project object */;
			proxyType = 1;
			remoteGlobalIDString = E147670318A8BA330029C78C;
			remoteInfo = "Wall Threw";
		};
/* End PBXContainerItemProxy section */

/* Begin PBXFileReference section */
		2A7E449D18ACC7B100F7328E /* GADAdMobExtras.h */ = {isa = PBXFileReference; fileEncoding = 4; lastKnownFileType = sourcecode.c.h; path = GADAdMobExtras.h; sourceTree = "<group>"; };
		2A7E449E18ACC7B100F7328E /* GADAdNetworkExtras.h */ = {isa = PBXFileReference; fileEncoding = 4; lastKnownFileType = sourcecode.c.h; path = GADAdNetworkExtras.h; sourceTree = "<group>"; };
		2A7E449F18ACC7B100F7328E /* GADAdSize.h */ = {isa = PBXFileReference; fileEncoding = 4; lastKnownFileType = sourcecode.c.h; path = GADAdSize.h; sourceTree = "<group>"; };
		2A7E44A018ACC7B100F7328E /* GADBannerView.h */ = {isa = PBXFileReference; fileEncoding = 4; lastKnownFileType = sourcecode.c.h; path = GADBannerView.h; sourceTree = "<group>"; };
		2A7E44A118ACC7B100F7328E /* GADBannerViewDelegate.h */ = {isa = PBXFileReference; fileEncoding = 4; lastKnownFileType = sourcecode.c.h; path = GADBannerViewDelegate.h; sourceTree = "<group>"; };
		2A7E44A218ACC7B100F7328E /* GADInterstitial.h */ = {isa = PBXFileReference; fileEncoding = 4; lastKnownFileType = sourcecode.c.h; path = GADInterstitial.h; sourceTree = "<group>"; };
		2A7E44A318ACC7B100F7328E /* GADInterstitialDelegate.h */ = {isa = PBXFileReference; fileEncoding = 4; lastKnownFileType = sourcecode.c.h; path = GADInterstitialDelegate.h; sourceTree = "<group>"; };
		2A7E44A418ACC7B100F7328E /* GADRequest.h */ = {isa = PBXFileReference; fileEncoding = 4; lastKnownFileType = sourcecode.c.h; path = GADRequest.h; sourceTree = "<group>"; };
		2A7E44A518ACC7B100F7328E /* GADRequestError.h */ = {isa = PBXFileReference; fileEncoding = 4; lastKnownFileType = sourcecode.c.h; path = GADRequestError.h; sourceTree = "<group>"; };
		2A7E44A618ACC7B100F7328E /* libGoogleAdMobAds.a */ = {isa = PBXFileReference; lastKnownFileType = archive.ar; path = libGoogleAdMobAds.a; sourceTree = "<group>"; };
		2A7E44A718ACC7B100F7328E /* README.txt */ = {isa = PBXFileReference; fileEncoding = 4; lastKnownFileType = text; path = README.txt; sourceTree = "<group>"; };
		2A7E44AA18ACC7D900F7328E /* CoreTelephony.framework */ = {isa = PBXFileReference; lastKnownFileType = wrapper.framework; name = CoreTelephony.framework; path = System/Library/Frameworks/CoreTelephony.framework; sourceTree = SDKROOT; };
		2A7E44AC18ACC7E100F7328E /* AVFoundation.framework */ = {isa = PBXFileReference; lastKnownFileType = wrapper.framework; name = AVFoundation.framework; path = System/Library/Frameworks/AVFoundation.framework; sourceTree = SDKROOT; };
		2A7E44AE18ACC7EA00F7328E /* AdSupport.framework */ = {isa = PBXFileReference; lastKnownFileType = wrapper.framework; name = AdSupport.framework; path = System/Library/Frameworks/AdSupport.framework; sourceTree = SDKROOT; };
		2A7E44B018ACC7F300F7328E /* CoreData.framework */ = {isa = PBXFileReference; lastKnownFileType = wrapper.framework; name = CoreData.framework; path = System/Library/Frameworks/CoreData.framework; sourceTree = SDKROOT; };
		2A7E44B218ACC7FC00F7328E /* StoreKit.framework */ = {isa = PBXFileReference; lastKnownFileType = wrapper.framework; name = StoreKit.framework; path = System/Library/Frameworks/StoreKit.framework; sourceTree = SDKROOT; };
		2A7E44B418ACC80A00F7328E /* SystemConfiguration.framework */ = {isa = PBXFileReference; lastKnownFileType = wrapper.framework; name = SystemConfiguration.framework; path = System/Library/Frameworks/SystemConfiguration.framework; sourceTree = SDKROOT; };
		2A7E44B618ACC81700F7328E /* MessageUI.framework */ = {isa = PBXFileReference; lastKnownFileType = wrapper.framework; name = MessageUI.framework; path = System/Library/Frameworks/MessageUI.framework; sourceTree = SDKROOT; };
		2A7E44B818ACC82400F7328E /* AudioToolbox.framework */ = {isa = PBXFileReference; lastKnownFileType = wrapper.framework; name = AudioToolbox.framework; path = System/Library/Frameworks/AudioToolbox.framework; sourceTree = SDKROOT; };
		E147670418A8BA330029C78C /* Wall Threw.app */ = {isa = PBXFileReference; explicitFileType = wrapper.application; includeInIndex = 0; path = "Wall Threw.app"; sourceTree = BUILT_PRODUCTS_DIR; };
		E147670718A8BA340029C78C /* Foundation.framework */ = {isa = PBXFileReference; lastKnownFileType = wrapper.framework; name = Foundation.framework; path = System/Library/Frameworks/Foundation.framework; sourceTree = SDKROOT; };
		E147670918A8BA340029C78C /* CoreGraphics.framework */ = {isa = PBXFileReference; lastKnownFileType = wrapper.framework; name = CoreGraphics.framework; path = System/Library/Frameworks/CoreGraphics.framework; sourceTree = SDKROOT; };
		E147670B18A8BA340029C78C /* UIKit.framework */ = {isa = PBXFileReference; lastKnownFileType = wrapper.framework; name = UIKit.framework; path = System/Library/Frameworks/UIKit.framework; sourceTree = SDKROOT; };
		E147670F18A8BA340029C78C /* Wall Threw-Info.plist */ = {isa = PBXFileReference; lastKnownFileType = text.plist.xml; path = "Wall Threw-Info.plist"; sourceTree = "<group>"; };
		E147671118A8BA340029C78C /* en */ = {isa = PBXFileReference; lastKnownFileType = text.plist.strings; name = en; path = en.lproj/InfoPlist.strings; sourceTree = "<group>"; };
		E147671318A8BA340029C78C /* main.m */ = {isa = PBXFileReference; lastKnownFileType = sourcecode.c.objc; path = main.m; sourceTree = "<group>"; };
		E147671518A8BA340029C78C /* Wall Threw-Prefix.pch */ = {isa = PBXFileReference; lastKnownFileType = sourcecode.c.h; path = "Wall Threw-Prefix.pch"; sourceTree = "<group>"; };
		E147671618A8BA340029C78C /* WTAppDelegate.h */ = {isa = PBXFileReference; lastKnownFileType = sourcecode.c.h; path = WTAppDelegate.h; sourceTree = "<group>"; };
		E147671718A8BA340029C78C /* WTAppDelegate.m */ = {isa = PBXFileReference; lastKnownFileType = sourcecode.c.objc; path = WTAppDelegate.m; sourceTree = "<group>"; };
		E147671A18A8BA340029C78C /* Base */ = {isa = PBXFileReference; lastKnownFileType = file.storyboard; name = Base; path = Base.lproj/Main.storyboard; sourceTree = "<group>"; };
		E147671C18A8BA340029C78C /* WTViewController.h */ = {isa = PBXFileReference; lastKnownFileType = sourcecode.c.h; path = WTViewController.h; sourceTree = "<group>"; };
		E147671D18A8BA340029C78C /* WTViewController.m */ = {isa = PBXFileReference; lastKnownFileType = sourcecode.c.objc; path = WTViewController.m; sourceTree = "<group>"; };
		E147671F18A8BA340029C78C /* Images.xcassets */ = {isa = PBXFileReference; lastKnownFileType = folder.assetcatalog; path = Images.xcassets; sourceTree = "<group>"; };
		E147672518A8BA340029C78C /* Wall ThrewTests.xctest */ = {isa = PBXFileReference; explicitFileType = wrapper.cfbundle; includeInIndex = 0; path = "Wall ThrewTests.xctest"; sourceTree = BUILT_PRODUCTS_DIR; };
		E147672618A8BA340029C78C /* XCTest.framework */ = {isa = PBXFileReference; lastKnownFileType = wrapper.framework; name = XCTest.framework; path = Library/Frameworks/XCTest.framework; sourceTree = DEVELOPER_DIR; };
		E147672E18A8BA340029C78C /* Wall ThrewTests-Info.plist */ = {isa = PBXFileReference; lastKnownFileType = text.plist.xml; path = "Wall ThrewTests-Info.plist"; sourceTree = "<group>"; };
		E147673018A8BA340029C78C /* en */ = {isa = PBXFileReference; lastKnownFileType = text.plist.strings; name = en; path = en.lproj/InfoPlist.strings; sourceTree = "<group>"; };
		E147673218A8BA340029C78C /* Wall_ThrewTests.m */ = {isa = PBXFileReference; lastKnownFileType = sourcecode.c.objc; path = Wall_ThrewTests.m; sourceTree = "<group>"; };
		E147673C18A8BB2B0029C78C /* WTMainGameView.h */ = {isa = PBXFileReference; fileEncoding = 4; lastKnownFileType = sourcecode.c.h; path = WTMainGameView.h; sourceTree = "<group>"; };
		E147673D18A8BB2B0029C78C /* WTMainGameView.m */ = {isa = PBXFileReference; fileEncoding = 4; lastKnownFileType = sourcecode.c.objc; path = WTMainGameView.m; sourceTree = "<group>"; };
		E147674118A8BE3C0029C78C /* splash.png */ = {isa = PBXFileReference; lastKnownFileType = image.png; path = splash.png; sourceTree = "<group>"; };
		E147674418A8BEFE0029C78C /* mario.m4a */ = {isa = PBXFileReference; lastKnownFileType = file; path = mario.m4a; sourceTree = "<group>"; };
		E1B0660318AF883800D0F03A /* fish_l1.png */ = {isa = PBXFileReference; lastKnownFileType = image.png; path = fish_l1.png; sourceTree = "<group>"; };
		E1B0660418AF883800D0F03A /* fish_l2.png */ = {isa = PBXFileReference; lastKnownFileType = image.png; path = fish_l2.png; sourceTree = "<group>"; };
		E1B0660518AF883800D0F03A /* fish_n.png */ = {isa = PBXFileReference; lastKnownFileType = image.png; path = fish_n.png; sourceTree = "<group>"; };
		E1B0660618AF883800D0F03A /* fish_r1.png */ = {isa = PBXFileReference; lastKnownFileType = image.png; path = fish_r1.png; sourceTree = "<group>"; };
		E1B0660718AF883800D0F03A /* fish_r2.png */ = {isa = PBXFileReference; lastKnownFileType = image.png; path = fish_r2.png; sourceTree = "<group>"; };
		E1D6A6D718AA382A0093E9A3 /* pipe_up.png */ = {isa = PBXFileReference; lastKnownFileType = image.png; path = pipe_up.png; sourceTree = "<group>"; };
		E1D6A6D818AA382A0093E9A3 /* pipe_down.png */ = {isa = PBXFileReference; lastKnownFileType = image.png; path = pipe_down.png; sourceTree = "<group>"; };
		E1D6A6DB18AA3A7B0093E9A3 /* bird.png */ = {isa = PBXFileReference; lastKnownFileType = image.png; path = bird.png; sourceTree = "<group>"; };
		E1D6A6DD18AA41FF0093E9A3 /* ground.png */ = {isa = PBXFileReference; lastKnownFileType = image.png; path = ground.png; sourceTree = "<group>"; };
		E1D6A6DF18AA46350093E9A3 /* block.png */ = {isa = PBXFileReference; lastKnownFileType = image.png; path = block.png; sourceTree = "<group>"; };
		E1D6A6E118AA5A070093E9A3 /* scoreboard.png */ = {isa = PBXFileReference; lastKnownFileType = image.png; path = scoreboard.png; sourceTree = "<group>"; };
		E1EE967D18B0D38800EAA253 /* seaweed_bottom.png */ = {isa = PBXFileReference; lastKnownFileType = image.png; path = seaweed_bottom.png; sourceTree = "<group>"; };
		E1EE967E18B0D38800EAA253 /* seaweed_top.png */ = {isa = PBXFileReference; lastKnownFileType = image.png; path = seaweed_top.png; sourceTree = "<group>"; };
		E1EE968118B0D63100EAA253 /* sand.png */ = {isa = PBXFileReference; lastKnownFileType = image.png; path = sand.png; sourceTree = "<group>"; };
		E1EE968318B0E5BD00EAA253 /* fish_l1-0.png */ = {isa = PBXFileReference; lastKnownFileType = image.png; path = "fish_l1-0.png"; sourceTree = "<group>"; };
		E1EE968418B0E5BD00EAA253 /* fish_l1-30.png */ = {isa = PBXFileReference; lastKnownFileType = image.png; path = "fish_l1-30.png"; sourceTree = "<group>"; };
		E1EE968518B0E5BD00EAA253 /* fish_l1-60.png */ = {isa = PBXFileReference; lastKnownFileType = image.png; path = "fish_l1-60.png"; sourceTree = "<group>"; };
		E1EE968618B0E5BD00EAA253 /* fish_l1+30.png */ = {isa = PBXFileReference; lastKnownFileType = image.png; path = "fish_l1+30.png"; sourceTree = "<group>"; };
		E1EE968718B0E5BD00EAA253 /* fish_l1+60.png */ = {isa = PBXFileReference; lastKnownFileType = image.png; path = "fish_l1+60.png"; sourceTree = "<group>"; };
		E1EE968818B0E5BD00EAA253 /* fish_l1+90.png */ = {isa = PBXFileReference; lastKnownFileType = image.png; path = "fish_l1+90.png"; sourceTree = "<group>"; };
		E1EE968918B0E5BD00EAA253 /* fish_l2-0.png */ = {isa = PBXFileReference; lastKnownFileType = image.png; path = "fish_l2-0.png"; sourceTree = "<group>"; };
		E1EE968A18B0E5BD00EAA253 /* fish_l2-30.png */ = {isa = PBXFileReference; lastKnownFileType = image.png; path = "fish_l2-30.png"; sourceTree = "<group>"; };
		E1EE968B18B0E5BD00EAA253 /* fish_l2-60.png */ = {isa = PBXFileReference; lastKnownFileType = image.png; path = "fish_l2-60.png"; sourceTree = "<group>"; };
		E1EE968C18B0E5BD00EAA253 /* fish_l2+30.png */ = {isa = PBXFileReference; lastKnownFileType = image.png; path = "fish_l2+30.png"; sourceTree = "<group>"; };
		E1EE968D18B0E5BD00EAA253 /* fish_l2+60.png */ = {isa = PBXFileReference; lastKnownFileType = image.png; path = "fish_l2+60.png"; sourceTree = "<group>"; };
		E1EE968E18B0E5BD00EAA253 /* fish_l2+90.png */ = {isa = PBXFileReference; lastKnownFileType = image.png; path = "fish_l2+90.png"; sourceTree = "<group>"; };
		E1EE968F18B0E5BD00EAA253 /* fish_n-0.png */ = {isa = PBXFileReference; lastKnownFileType = image.png; path = "fish_n-0.png"; sourceTree = "<group>"; };
		E1EE969018B0E5BD00EAA253 /* fish_n-30.png */ = {isa = PBXFileReference; lastKnownFileType = image.png; path = "fish_n-30.png"; sourceTree = "<group>"; };
		E1EE969118B0E5BD00EAA253 /* fish_n-60.png */ = {isa = PBXFileReference; lastKnownFileType = image.png; path = "fish_n-60.png"; sourceTree = "<group>"; };
		E1EE969218B0E5BD00EAA253 /* fish_n+30.png */ = {isa = PBXFileReference; lastKnownFileType = image.png; path = "fish_n+30.png"; sourceTree = "<group>"; };
		E1EE969318B0E5BD00EAA253 /* fish_n+60.png */ = {isa = PBXFileReference; lastKnownFileType = image.png; path = "fish_n+60.png"; sourceTree = "<group>"; };
		E1EE969418B0E5BD00EAA253 /* fish_n+90.png */ = {isa = PBXFileReference; lastKnownFileType = image.png; path = "fish_n+90.png"; sourceTree = "<group>"; };
		E1EE969518B0E5BD00EAA253 /* fish_r1-0.png */ = {isa = PBXFileReference; lastKnownFileType = image.png; path = "fish_r1-0.png"; sourceTree = "<group>"; };
		E1EE969618B0E5BD00EAA253 /* fish_r1-30.png */ = {isa = PBXFileReference; lastKnownFileType = image.png; path = "fish_r1-30.png"; sourceTree = "<group>"; };
		E1EE969718B0E5BD00EAA253 /* fish_r1-60.png */ = {isa = PBXFileReference; lastKnownFileType = image.png; path = "fish_r1-60.png"; sourceTree = "<group>"; };
		E1EE969818B0E5BD00EAA253 /* fish_r1+30.png */ = {isa = PBXFileReference; lastKnownFileType = image.png; path = "fish_r1+30.png"; sourceTree = "<group>"; };
		E1EE969918B0E5BD00EAA253 /* fish_r1+60.png */ = {isa = PBXFileReference; lastKnownFileType = image.png; path = "fish_r1+60.png"; sourceTree = "<group>"; };
		E1EE969A18B0E5BD00EAA253 /* fish_r1+90.png */ = {isa = PBXFileReference; lastKnownFileType = image.png; path = "fish_r1+90.png"; sourceTree = "<group>"; };
		E1EE969B18B0E5BD00EAA253 /* fish_r2-0.png */ = {isa = PBXFileReference; lastKnownFileType = image.png; path = "fish_r2-0.png"; sourceTree = "<group>"; };
		E1EE969C18B0E5BD00EAA253 /* fish_r2-30.png */ = {isa = PBXFileReference; lastKnownFileType = image.png; path = "fish_r2-30.png"; sourceTree = "<group>"; };
		E1EE969D18B0E5BD00EAA253 /* fish_r2-60.png */ = {isa = PBXFileReference; lastKnownFileType = image.png; path = "fish_r2-60.png"; sourceTree = "<group>"; };
		E1EE969E18B0E5BD00EAA253 /* fish_r2+30.png */ = {isa = PBXFileReference; lastKnownFileType = image.png; path = "fish_r2+30.png"; sourceTree = "<group>"; };
		E1EE969F18B0E5BD00EAA253 /* fish_r2+60.png */ = {isa = PBXFileReference; lastKnownFileType = image.png; path = "fish_r2+60.png"; sourceTree = "<group>"; };
		E1EE96A018B0E5BD00EAA253 /* fish_r2+90.png */ = {isa = PBXFileReference; lastKnownFileType = image.png; path = "fish_r2+90.png"; sourceTree = "<group>"; };
/* End PBXFileReference section */

/* Begin PBXFrameworksBuildPhase section */
		E147670118A8BA330029C78C /* Frameworks */ = {
			isa = PBXFrameworksBuildPhase;
			buildActionMask = 2147483647;
			files = (
				2A7E44B918ACC82400F7328E /* AudioToolbox.framework in Frameworks */,
				2A7E44B718ACC81700F7328E /* MessageUI.framework in Frameworks */,
				2A7E44B518ACC80A00F7328E /* SystemConfiguration.framework in Frameworks */,
				2A7E44B318ACC7FC00F7328E /* StoreKit.framework in Frameworks */,
				2A7E44B118ACC7F300F7328E /* CoreData.framework in Frameworks */,
				2A7E44AF18ACC7EA00F7328E /* AdSupport.framework in Frameworks */,
				2A7E44AD18ACC7E100F7328E /* AVFoundation.framework in Frameworks */,
				2A7E44AB18ACC7D900F7328E /* CoreTelephony.framework in Frameworks */,
				E147670A18A8BA340029C78C /* CoreGraphics.framework in Frameworks */,
				2A7E44A818ACC7B100F7328E /* libGoogleAdMobAds.a in Frameworks */,
				E147670C18A8BA340029C78C /* UIKit.framework in Frameworks */,
				E147670818A8BA340029C78C /* Foundation.framework in Frameworks */,
			);
			runOnlyForDeploymentPostprocessing = 0;
		};
		E147672218A8BA340029C78C /* Frameworks */ = {
			isa = PBXFrameworksBuildPhase;
			buildActionMask = 2147483647;
			files = (
				E147672718A8BA340029C78C /* XCTest.framework in Frameworks */,
				E147672918A8BA340029C78C /* UIKit.framework in Frameworks */,
				E147672818A8BA340029C78C /* Foundation.framework in Frameworks */,
			);
			runOnlyForDeploymentPostprocessing = 0;
		};
/* End PBXFrameworksBuildPhase section */

/* Begin PBXGroup section */
		2A7E449C18ACC78900F7328E /* AdMod */ = {
			isa = PBXGroup;
			children = (
				2A7E449D18ACC7B100F7328E /* GADAdMobExtras.h */,
				2A7E449E18ACC7B100F7328E /* GADAdNetworkExtras.h */,
				2A7E449F18ACC7B100F7328E /* GADAdSize.h */,
				2A7E44A018ACC7B100F7328E /* GADBannerView.h */,
				2A7E44A118ACC7B100F7328E /* GADBannerViewDelegate.h */,
				2A7E44A218ACC7B100F7328E /* GADInterstitial.h */,
				2A7E44A318ACC7B100F7328E /* GADInterstitialDelegate.h */,
				2A7E44A418ACC7B100F7328E /* GADRequest.h */,
				2A7E44A518ACC7B100F7328E /* GADRequestError.h */,
				2A7E44A618ACC7B100F7328E /* libGoogleAdMobAds.a */,
				2A7E44A718ACC7B100F7328E /* README.txt */,
			);
			name = AdMod;
			sourceTree = "<group>";
		};
		E14766FB18A8BA330029C78C = {
			isa = PBXGroup;
			children = (
				2A7E449C18ACC78900F7328E /* AdMod */,
				E147670D18A8BA340029C78C /* Wall Threw */,
				E147672C18A8BA340029C78C /* Wall ThrewTests */,
				E147670618A8BA330029C78C /* Frameworks */,
				E147670518A8BA330029C78C /* Products */,
			);
			sourceTree = "<group>";
		};
		E147670518A8BA330029C78C /* Products */ = {
			isa = PBXGroup;
			children = (
				E147670418A8BA330029C78C /* Wall Threw.app */,
				E147672518A8BA340029C78C /* Wall ThrewTests.xctest */,
			);
			name = Products;
			sourceTree = "<group>";
		};
		E147670618A8BA330029C78C /* Frameworks */ = {
			isa = PBXGroup;
			children = (
				2A7E44B818ACC82400F7328E /* AudioToolbox.framework */,
				2A7E44B618ACC81700F7328E /* MessageUI.framework */,
				2A7E44B418ACC80A00F7328E /* SystemConfiguration.framework */,
				2A7E44B218ACC7FC00F7328E /* StoreKit.framework */,
				2A7E44B018ACC7F300F7328E /* CoreData.framework */,
				2A7E44AE18ACC7EA00F7328E /* AdSupport.framework */,
				2A7E44AC18ACC7E100F7328E /* AVFoundation.framework */,
				2A7E44AA18ACC7D900F7328E /* CoreTelephony.framework */,
				E147670718A8BA340029C78C /* Foundation.framework */,
				E147670918A8BA340029C78C /* CoreGraphics.framework */,
				E147670B18A8BA340029C78C /* UIKit.framework */,
				E147672618A8BA340029C78C /* XCTest.framework */,
			);
			name = Frameworks;
			sourceTree = "<group>";
		};
		E147670D18A8BA340029C78C /* Wall Threw */ = {
			isa = PBXGroup;
			children = (
				E147671618A8BA340029C78C /* WTAppDelegate.h */,
				E147671718A8BA340029C78C /* WTAppDelegate.m */,
				E147671918A8BA340029C78C /* Main.storyboard */,
				E147671C18A8BA340029C78C /* WTViewController.h */,
				E147671D18A8BA340029C78C /* WTViewController.m */,
				E147671F18A8BA340029C78C /* Images.xcassets */,
				E147670E18A8BA340029C78C /* Supporting Files */,
				E147673C18A8BB2B0029C78C /* WTMainGameView.h */,
				E147673D18A8BB2B0029C78C /* WTMainGameView.m */,
			);
			path = "Wall Threw";
			sourceTree = "<group>";
		};
		E147670E18A8BA340029C78C /* Supporting Files */ = {
			isa = PBXGroup;
			children = (
				E147674318A8BEEC0029C78C /* sounds */,
				E147673F18A8BE0B0029C78C /* images */,
				E147670F18A8BA340029C78C /* Wall Threw-Info.plist */,
				E147671018A8BA340029C78C /* InfoPlist.strings */,
				E147671318A8BA340029C78C /* main.m */,
				E147671518A8BA340029C78C /* Wall Threw-Prefix.pch */,
			);
			name = "Supporting Files";
			sourceTree = "<group>";
		};
		E147672C18A8BA340029C78C /* Wall ThrewTests */ = {
			isa = PBXGroup;
			children = (
				E147673218A8BA340029C78C /* Wall_ThrewTests.m */,
				E147672D18A8BA340029C78C /* Supporting Files */,
			);
			path = "Wall ThrewTests";
			sourceTree = "<group>";
		};
		E147672D18A8BA340029C78C /* Supporting Files */ = {
			isa = PBXGroup;
			children = (
				E147672E18A8BA340029C78C /* Wall ThrewTests-Info.plist */,
				E147672F18A8BA340029C78C /* InfoPlist.strings */,
			);
			name = "Supporting Files";
			sourceTree = "<group>";
		};
		E147673F18A8BE0B0029C78C /* images */ = {
			isa = PBXGroup;
			children = (
				E1EE968318B0E5BD00EAA253 /* fish_l1-0.png */,
				E1EE968418B0E5BD00EAA253 /* fish_l1-30.png */,
				E1EE968518B0E5BD00EAA253 /* fish_l1-60.png */,
				E1EE968618B0E5BD00EAA253 /* fish_l1+30.png */,
				E1EE968718B0E5BD00EAA253 /* fish_l1+60.png */,
				E1EE968818B0E5BD00EAA253 /* fish_l1+90.png */,
				E1EE968918B0E5BD00EAA253 /* fish_l2-0.png */,
				E1EE968A18B0E5BD00EAA253 /* fish_l2-30.png */,
				E1EE968B18B0E5BD00EAA253 /* fish_l2-60.png */,
				E1EE968C18B0E5BD00EAA253 /* fish_l2+30.png */,
				E1EE968D18B0E5BD00EAA253 /* fish_l2+60.png */,
				E1EE968E18B0E5BD00EAA253 /* fish_l2+90.png */,
				E1EE968F18B0E5BD00EAA253 /* fish_n-0.png */,
				E1EE969018B0E5BD00EAA253 /* fish_n-30.png */,
				E1EE969118B0E5BD00EAA253 /* fish_n-60.png */,
				E1EE969218B0E5BD00EAA253 /* fish_n+30.png */,
				E1EE969318B0E5BD00EAA253 /* fish_n+60.png */,
				E1EE969418B0E5BD00EAA253 /* fish_n+90.png */,
				E1EE969518B0E5BD00EAA253 /* fish_r1-0.png */,
				E1EE969618B0E5BD00EAA253 /* fish_r1-30.png */,
				E1EE969718B0E5BD00EAA253 /* fish_r1-60.png */,
				E1EE969818B0E5BD00EAA253 /* fish_r1+30.png */,
				E1EE969918B0E5BD00EAA253 /* fish_r1+60.png */,
				E1EE969A18B0E5BD00EAA253 /* fish_r1+90.png */,
				E1EE969B18B0E5BD00EAA253 /* fish_r2-0.png */,
				E1EE969C18B0E5BD00EAA253 /* fish_r2-30.png */,
				E1EE969D18B0E5BD00EAA253 /* fish_r2-60.png */,
				E1EE969E18B0E5BD00EAA253 /* fish_r2+30.png */,
				E1EE969F18B0E5BD00EAA253 /* fish_r2+60.png */,
				E1EE96A018B0E5BD00EAA253 /* fish_r2+90.png */,
				E1EE968118B0D63100EAA253 /* sand.png */,
				E1D6A6E118AA5A070093E9A3 /* scoreboard.png */,
				E1D6A6DF18AA46350093E9A3 /* block.png */,
				E1B0660318AF883800D0F03A /* fish_l1.png */,
				E1B0660418AF883800D0F03A /* fish_l2.png */,
				E1B0660518AF883800D0F03A /* fish_n.png */,
				E1B0660618AF883800D0F03A /* fish_r1.png */,
				E1B0660718AF883800D0F03A /* fish_r2.png */,
				E1D6A6DD18AA41FF0093E9A3 /* ground.png */,
				E1D6A6DB18AA3A7B0093E9A3 /* bird.png */,
				E1D6A6D618AA38190093E9A3 /* pipes */,
				E147674018A8BE1C0029C78C /* splash */,
			);
			name = images;
			sourceTree = "<group>";
		};
		E147674018A8BE1C0029C78C /* splash */ = {
			isa = PBXGroup;
			children = (
				E147674118A8BE3C0029C78C /* splash.png */,
			);
			name = splash;
			sourceTree = "<group>";
		};
		E147674318A8BEEC0029C78C /* sounds */ = {
			isa = PBXGroup;
			children = (
				E147674418A8BEFE0029C78C /* mario.m4a */,
			);
			name = sounds;
			sourceTree = "<group>";
		};
		E1D6A6D618AA38190093E9A3 /* pipes */ = {
			isa = PBXGroup;
			children = (
				E1EE967D18B0D38800EAA253 /* seaweed_bottom.png */,
				E1EE967E18B0D38800EAA253 /* seaweed_top.png */,
				E1D6A6D718AA382A0093E9A3 /* pipe_up.png */,
				E1D6A6D818AA382A0093E9A3 /* pipe_down.png */,
			);
			name = pipes;
			sourceTree = "<group>";
		};
/* End PBXGroup section */

/* Begin PBXNativeTarget section */
		E147670318A8BA330029C78C /* Wall Threw */ = {
			isa = PBXNativeTarget;
			buildConfigurationList = E147673618A8BA340029C78C /* Build configuration list for PBXNativeTarget "Wall Threw" */;
			buildPhases = (
				E147670018A8BA330029C78C /* Sources */,
				E147670118A8BA330029C78C /* Frameworks */,
				E147670218A8BA330029C78C /* Resources */,
			);
			buildRules = (
			);
			dependencies = (
			);
			name = "Wall Threw";
			productName = "Wall Threw";
			productReference = E147670418A8BA330029C78C /* Wall Threw.app */;
			productType = "com.apple.product-type.application";
		};
		E147672418A8BA340029C78C /* Wall ThrewTests */ = {
			isa = PBXNativeTarget;
			buildConfigurationList = E147673918A8BA340029C78C /* Build configuration list for PBXNativeTarget "Wall ThrewTests" */;
			buildPhases = (
				E147672118A8BA340029C78C /* Sources */,
				E147672218A8BA340029C78C /* Frameworks */,
				E147672318A8BA340029C78C /* Resources */,
			);
			buildRules = (
			);
			dependencies = (
				E147672B18A8BA340029C78C /* PBXTargetDependency */,
			);
			name = "Wall ThrewTests";
			productName = "Wall ThrewTests";
			productReference = E147672518A8BA340029C78C /* Wall ThrewTests.xctest */;
			productType = "com.apple.product-type.bundle.unit-test";
		};
/* End PBXNativeTarget section */

/* Begin PBXProject section */
		E14766FC18A8BA330029C78C /* Project object */ = {
			isa = PBXProject;
			attributes = {
				CLASSPREFIX = WT;
				LastUpgradeCheck = 0500;
				ORGANIZATIONNAME = "Robert Robinson";
				TargetAttributes = {
					E147670318A8BA330029C78C = {
						DevelopmentTeam = L33DQW627R;
					};
					E147672418A8BA340029C78C = {
						TestTargetID = E147670318A8BA330029C78C;
					};
				};
			};
			buildConfigurationList = E14766FF18A8BA330029C78C /* Build configuration list for PBXProject "Wall Threw" */;
			compatibilityVersion = "Xcode 3.2";
			developmentRegion = English;
			hasScannedForEncodings = 0;
			knownRegions = (
				en,
				Base,
			);
			mainGroup = E14766FB18A8BA330029C78C;
			productRefGroup = E147670518A8BA330029C78C /* Products */;
			projectDirPath = "";
			projectRoot = "";
			targets = (
				E147670318A8BA330029C78C /* Wall Threw */,
				E147672418A8BA340029C78C /* Wall ThrewTests */,
			);
		};
/* End PBXProject section */

/* Begin PBXResourcesBuildPhase section */
		E147670218A8BA330029C78C /* Resources */ = {
			isa = PBXResourcesBuildPhase;
			buildActionMask = 2147483647;
			files = (
				E1EE96B518B0E5BD00EAA253 /* fish_r1-60.png in Resources */,
				E1D6A6DE18AA41FF0093E9A3 /* ground.png in Resources */,
				E1EE96B218B0E5BD00EAA253 /* fish_n+90.png in Resources */,
				E1EE96B018B0E5BD00EAA253 /* fish_n+30.png in Resources */,
				E1EE96BE18B0E5BD00EAA253 /* fish_r2+90.png in Resources */,
				E1EE968218B0D63100EAA253 /* sand.png in Resources */,
				E1B0660A18AF883800D0F03A /* fish_n.png in Resources */,
				E1EE96B418B0E5BD00EAA253 /* fish_r1-30.png in Resources */,
				E1EE96B618B0E5BD00EAA253 /* fish_r1+30.png in Resources */,
				E1D6A6D918AA382A0093E9A3 /* pipe_up.png in Resources */,
				E1EE96AA18B0E5BD00EAA253 /* fish_l2+30.png in Resources */,
				E147674518A8BEFE0029C78C /* mario.m4a in Resources */,
				E1EE96A518B0E5BD00EAA253 /* fish_l1+60.png in Resources */,
				E1EE96BC18B0E5BD00EAA253 /* fish_r2+30.png in Resources */,
				E1EE96A418B0E5BD00EAA253 /* fish_l1+30.png in Resources */,
				E1EE96B818B0E5BD00EAA253 /* fish_r1+90.png in Resources */,
				E1EE96A118B0E5BD00EAA253 /* fish_l1-0.png in Resources */,
				E1EE96AF18B0E5BD00EAA253 /* fish_n-60.png in Resources */,
				E1EE96A718B0E5BD00EAA253 /* fish_l2-0.png in Resources */,
				E1EE96A318B0E5BD00EAA253 /* fish_l1-60.png in Resources */,
				E1D6A6DA18AA382A0093E9A3 /* pipe_down.png in Resources */,
				E1EE96AB18B0E5BD00EAA253 /* fish_l2+60.png in Resources */,
				E1EE96B118B0E5BD00EAA253 /* fish_n+60.png in Resources */,
				E1EE96B318B0E5BD00EAA253 /* fish_r1-0.png in Resources */,
				E147674218A8BE3C0029C78C /* splash.png in Resources */,
				E1B0660918AF883800D0F03A /* fish_l2.png in Resources */,
				E1D6A6DC18AA3A7B0093E9A3 /* bird.png in Resources */,
				E1B0660C18AF883800D0F03A /* fish_r2.png in Resources */,
				E1EE968018B0D38800EAA253 /* seaweed_top.png in Resources */,
				E1EE96A618B0E5BD00EAA253 /* fish_l1+90.png in Resources */,
				E147672018A8BA340029C78C /* Images.xcassets in Resources */,
				E1EE96AD18B0E5BD00EAA253 /* fish_n-0.png in Resources */,
				E147671218A8BA340029C78C /* InfoPlist.strings in Resources */,
				E1EE96BD18B0E5BD00EAA253 /* fish_r2+60.png in Resources */,
				E1B0660B18AF883800D0F03A /* fish_r1.png in Resources */,
				E1EE96B918B0E5BD00EAA253 /* fish_r2-0.png in Resources */,
				E147671B18A8BA340029C78C /* Main.storyboard in Resources */,
				E1B0660818AF883800D0F03A /* fish_l1.png in Resources */,
				E1EE96B718B0E5BD00EAA253 /* fish_r1+60.png in Resources */,
				E1EE96BA18B0E5BD00EAA253 /* fish_r2-30.png in Resources */,
				E1EE96AE18B0E5BD00EAA253 /* fish_n-30.png in Resources */,
				E1D6A6E218AA5A070093E9A3 /* scoreboard.png in Resources */,
				E1EE967F18B0D38800EAA253 /* seaweed_bottom.png in Resources */,
				E1EE96A818B0E5BD00EAA253 /* fish_l2-30.png in Resources */,
				2A7E44A918ACC7B100F7328E /* README.txt in Resources */,
				E1EE96AC18B0E5BD00EAA253 /* fish_l2+90.png in Resources */,
				E1EE96A918B0E5BD00EAA253 /* fish_l2-60.png in Resources */,
				E1EE96BB18B0E5BD00EAA253 /* fish_r2-60.png in Resources */,
				E1D6A6E018AA46350093E9A3 /* block.png in Resources */,
				E1EE96A218B0E5BD00EAA253 /* fish_l1-30.png in Resources */,
			);
			runOnlyForDeploymentPostprocessing = 0;
		};
		E147672318A8BA340029C78C /* Resources */ = {
			isa = PBXResourcesBuildPhase;
			buildActionMask = 2147483647;
			files = (
				E147673118A8BA340029C78C /* InfoPlist.strings in Resources */,
			);
			runOnlyForDeploymentPostprocessing = 0;
		};
/* End PBXResourcesBuildPhase section */

/* Begin PBXSourcesBuildPhase section */
		E147670018A8BA330029C78C /* Sources */ = {
			isa = PBXSourcesBuildPhase;
			buildActionMask = 2147483647;
			files = (
				E147673E18A8BB2B0029C78C /* WTMainGameView.m in Sources */,
				E147671418A8BA340029C78C /* main.m in Sources */,
				E147671818A8BA340029C78C /* WTAppDelegate.m in Sources */,
				E147671E18A8BA340029C78C /* WTViewController.m in Sources */,
			);
			runOnlyForDeploymentPostprocessing = 0;
		};
		E147672118A8BA340029C78C /* Sources */ = {
			isa = PBXSourcesBuildPhase;
			buildActionMask = 2147483647;
			files = (
				E147673318A8BA340029C78C /* Wall_ThrewTests.m in Sources */,
			);
			runOnlyForDeploymentPostprocessing = 0;
		};
/* End PBXSourcesBuildPhase section */

/* Begin PBXTargetDependency section */
		E147672B18A8BA340029C78C /* PBXTargetDependency */ = {
			isa = PBXTargetDependency;
			target = E147670318A8BA330029C78C /* Wall Threw */;
			targetProxy = E147672A18A8BA340029C78C /* PBXContainerItemProxy */;
		};
/* End PBXTargetDependency section */

/* Begin PBXVariantGroup section */
		E147671018A8BA340029C78C /* InfoPlist.strings */ = {
			isa = PBXVariantGroup;
			children = (
				E147671118A8BA340029C78C /* en */,
			);
			name = InfoPlist.strings;
			sourceTree = "<group>";
		};
		E147671918A8BA340029C78C /* Main.storyboard */ = {
			isa = PBXVariantGroup;
			children = (
				E147671A18A8BA340029C78C /* Base */,
			);
			name = Main.storyboard;
			sourceTree = "<group>";
		};
		E147672F18A8BA340029C78C /* InfoPlist.strings */ = {
			isa = PBXVariantGroup;
			children = (
				E147673018A8BA340029C78C /* en */,
			);
			name = InfoPlist.strings;
			sourceTree = "<group>";
		};
/* End PBXVariantGroup section */

/* Begin XCBuildConfiguration section */
		E147673418A8BA340029C78C /* Debug */ = {
			isa = XCBuildConfiguration;
			buildSettings = {
				ALWAYS_SEARCH_USER_PATHS = NO;
				ARCHS = "$(ARCHS_STANDARD_INCLUDING_64_BIT)";
				CLANG_CXX_LANGUAGE_STANDARD = "gnu++0x";
				CLANG_CXX_LIBRARY = "libc++";
				CLANG_ENABLE_MODULES = YES;
				CLANG_ENABLE_OBJC_ARC = YES;
				CLANG_WARN_BOOL_CONVERSION = YES;
				CLANG_WARN_CONSTANT_CONVERSION = YES;
				CLANG_WARN_DIRECT_OBJC_ISA_USAGE = YES_ERROR;
				CLANG_WARN_EMPTY_BODY = YES;
				CLANG_WARN_ENUM_CONVERSION = YES;
				CLANG_WARN_INT_CONVERSION = YES;
				CLANG_WARN_OBJC_ROOT_CLASS = YES_ERROR;
				CLANG_WARN__DUPLICATE_METHOD_MATCH = YES;
				"CODE_SIGN_IDENTITY[sdk=iphoneos*]" = "iPhone Developer";
				COPY_PHASE_STRIP = NO;
				GCC_C_LANGUAGE_STANDARD = gnu99;
				GCC_DYNAMIC_NO_PIC = NO;
				GCC_OPTIMIZATION_LEVEL = 0;
				GCC_PREPROCESSOR_DEFINITIONS = (
					"DEBUG=1",
					"$(inherited)",
				);
				GCC_SYMBOLS_PRIVATE_EXTERN = NO;
				GCC_WARN_64_TO_32_BIT_CONVERSION = YES;
				GCC_WARN_ABOUT_RETURN_TYPE = YES_ERROR;
				GCC_WARN_UNDECLARED_SELECTOR = YES;
				GCC_WARN_UNINITIALIZED_AUTOS = YES;
				GCC_WARN_UNUSED_FUNCTION = YES;
				GCC_WARN_UNUSED_VARIABLE = YES;
				IPHONEOS_DEPLOYMENT_TARGET = 7.0;
				ONLY_ACTIVE_ARCH = YES;
				SDKROOT = iphoneos;
			};
			name = Debug;
		};
		E147673518A8BA340029C78C /* Release */ = {
			isa = XCBuildConfiguration;
			buildSettings = {
				ALWAYS_SEARCH_USER_PATHS = NO;
				ARCHS = "$(ARCHS_STANDARD_INCLUDING_64_BIT)";
				CLANG_CXX_LANGUAGE_STANDARD = "gnu++0x";
				CLANG_CXX_LIBRARY = "libc++";
				CLANG_ENABLE_MODULES = YES;
				CLANG_ENABLE_OBJC_ARC = YES;
				CLANG_WARN_BOOL_CONVERSION = YES;
				CLANG_WARN_CONSTANT_CONVERSION = YES;
				CLANG_WARN_DIRECT_OBJC_ISA_USAGE = YES_ERROR;
				CLANG_WARN_EMPTY_BODY = YES;
				CLANG_WARN_ENUM_CONVERSION = YES;
				CLANG_WARN_INT_CONVERSION = YES;
				CLANG_WARN_OBJC_ROOT_CLASS = YES_ERROR;
				CLANG_WARN__DUPLICATE_METHOD_MATCH = YES;
				"CODE_SIGN_IDENTITY[sdk=iphoneos*]" = "iPhone Developer";
				COPY_PHASE_STRIP = YES;
				ENABLE_NS_ASSERTIONS = NO;
				GCC_C_LANGUAGE_STANDARD = gnu99;
				GCC_WARN_64_TO_32_BIT_CONVERSION = YES;
				GCC_WARN_ABOUT_RETURN_TYPE = YES_ERROR;
				GCC_WARN_UNDECLARED_SELECTOR = YES;
				GCC_WARN_UNINITIALIZED_AUTOS = YES;
				GCC_WARN_UNUSED_FUNCTION = YES;
				GCC_WARN_UNUSED_VARIABLE = YES;
				IPHONEOS_DEPLOYMENT_TARGET = 7.0;
				SDKROOT = iphoneos;
				VALIDATE_PRODUCT = YES;
			};
			name = Release;
		};
		E147673718A8BA340029C78C /* Debug */ = {
			isa = XCBuildConfiguration;
			buildSettings = {
				ASSETCATALOG_COMPILER_APPICON_NAME = AppIcon;
				ASSETCATALOG_COMPILER_LAUNCHIMAGE_NAME = LaunchImage;
				CODE_SIGN_IDENTITY = "iPhone Developer";
				"CODE_SIGN_IDENTITY[sdk=iphoneos*]" = "iPhone Developer";
				GCC_PRECOMPILE_PREFIX_HEADER = YES;
				GCC_PREFIX_HEADER = "Wall Threw/Wall Threw-Prefix.pch";
				INFOPLIST_FILE = "Wall Threw/Wall Threw-Info.plist";
				LIBRARY_SEARCH_PATHS = (
					"$(inherited)",
					/Users/robert/Workspace/lolproject,
				);
				OTHER_LDFLAGS = "-ObjC";
				PRODUCT_NAME = "$(TARGET_NAME)";
				PROVISIONING_PROFILE = "";
				WRAPPER_EXTENSION = app;
			};
			name = Debug;
		};
		E147673818A8BA340029C78C /* Release */ = {
			isa = XCBuildConfiguration;
			buildSettings = {
				ASSETCATALOG_COMPILER_APPICON_NAME = AppIcon;
				ASSETCATALOG_COMPILER_LAUNCHIMAGE_NAME = LaunchImage;
				CODE_SIGN_IDENTITY = "iPhone Developer";
				"CODE_SIGN_IDENTITY[sdk=iphoneos*]" = "iPhone Developer";
				GCC_PRECOMPILE_PREFIX_HEADER = YES;
				GCC_PREFIX_HEADER = "Wall Threw/Wall Threw-Prefix.pch";
				INFOPLIST_FILE = "Wall Threw/Wall Threw-Info.plist";
				LIBRARY_SEARCH_PATHS = (
					"$(inherited)",
					/Users/robert/Workspace/lolproject,
				);
				OTHER_LDFLAGS = "-ObjC";
				PRODUCT_NAME = "$(TARGET_NAME)";
				PROVISIONING_PROFILE = "";
				WRAPPER_EXTENSION = app;
			};
			name = Release;
		};
		E147673A18A8BA340029C78C /* Debug */ = {
			isa = XCBuildConfiguration;
			buildSettings = {
				ARCHS = "$(ARCHS_STANDARD_INCLUDING_64_BIT)";
				BUNDLE_LOADER = "$(BUILT_PRODUCTS_DIR)/Wall Threw.app/Wall Threw";
				FRAMEWORK_SEARCH_PATHS = (
					"$(SDKROOT)/Developer/Library/Frameworks",
					"$(inherited)",
					"$(DEVELOPER_FRAMEWORKS_DIR)",
				);
				GCC_PRECOMPILE_PREFIX_HEADER = YES;
				GCC_PREFIX_HEADER = "Wall Threw/Wall Threw-Prefix.pch";
				GCC_PREPROCESSOR_DEFINITIONS = (
					"DEBUG=1",
					"$(inherited)",
				);
				INFOPLIST_FILE = "Wall ThrewTests/Wall ThrewTests-Info.plist";
				PRODUCT_NAME = "$(TARGET_NAME)";
				TEST_HOST = "$(BUNDLE_LOADER)";
				WRAPPER_EXTENSION = xctest;
			};
			name = Debug;
		};
		E147673B18A8BA340029C78C /* Release */ = {
			isa = XCBuildConfiguration;
			buildSettings = {
				ARCHS = "$(ARCHS_STANDARD_INCLUDING_64_BIT)";
				BUNDLE_LOADER = "$(BUILT_PRODUCTS_DIR)/Wall Threw.app/Wall Threw";
				FRAMEWORK_SEARCH_PATHS = (
					"$(SDKROOT)/Developer/Library/Frameworks",
					"$(inherited)",
					"$(DEVELOPER_FRAMEWORKS_DIR)",
				);
				GCC_PRECOMPILE_PREFIX_HEADER = YES;
				GCC_PREFIX_HEADER = "Wall Threw/Wall Threw-Prefix.pch";
				INFOPLIST_FILE = "Wall ThrewTests/Wall ThrewTests-Info.plist";
				PRODUCT_NAME = "$(TARGET_NAME)";
				TEST_HOST = "$(BUNDLE_LOADER)";
				WRAPPER_EXTENSION = xctest;
			};
			name = Release;
		};
/* End XCBuildConfiguration section */

/* Begin XCConfigurationList section */
		E14766FF18A8BA330029C78C /* Build configuration list for PBXProject "Wall Threw" */ = {
			isa = XCConfigurationList;
			buildConfigurations = (
				E147673418A8BA340029C78C /* Debug */,
				E147673518A8BA340029C78C /* Release */,
			);
			defaultConfigurationIsVisible = 0;
			defaultConfigurationName = Release;
		};
		E147673618A8BA340029C78C /* Build configuration list for PBXNativeTarget "Wall Threw" */ = {
			isa = XCConfigurationList;
			buildConfigurations = (
				E147673718A8BA340029C78C /* Debug */,
				E147673818A8BA340029C78C /* Release */,
			);
			defaultConfigurationIsVisible = 0;
			defaultConfigurationName = Release;
		};
		E147673918A8BA340029C78C /* Build configuration list for PBXNativeTarget "Wall ThrewTests" */ = {
			isa = XCConfigurationList;
			buildConfigurations = (
				E147673A18A8BA340029C78C /* Debug */,
				E147673B18A8BA340029C78C /* Release */,
			);
			defaultConfigurationIsVisible = 0;
			defaultConfigurationName = Release;
		};
/* End XCConfigurationList section */
	};
	rootObject = E14766FC18A8BA330029C78C /* Project object */;
}
